
Microsoft Visual Studio Solution File, Format Version 12.00
# Visual Studio Version 16
VisualStudioVersion = 16.0.31605.320
MinimumVisualStudioVersion = 10.0.40219.1
Project("{FAE04EC0-301F-11D3-BF4B-00C04F79EFBC}") = "Musica", "Musica.csproj", "{203374F8-2AF9-443F-8AAE-D3F583DAAF34}"
EndProject
Global
	GlobalSection(SolutionConfigurationPlatforms) = preSolution
		Debug|Any CPU = Debug|Any CPU
		Release|Any CPU = Release|Any CPU
	EndGlobalSection
	GlobalSection(ProjectConfigurationPlatforms) = postSolution
		{203374F8-2AF9-443F-8AAE-D3F583DAAF34}.Debug|Any CPU.ActiveCfg = Debug|Any CPU
		{203374F8-2AF9-443F-8AAE-D3F583DAAF34}.Debug|Any CPU.Build.0 = Debug|Any CPU
		{203374F8-2AF9-443F-8AAE-D3F583DAAF34}.Release|Any CPU.ActiveCfg = Release|Any CPU
		{203374F8-2AF9-443F-8AAE-D3F583DAAF34}.Release|Any CPU.Build.0 = Release|Any CPU
	EndGlobalSection
	GlobalSection(SolutionProperties) = preSolution
		HideSolutionNode = FALSE
	EndGlobalSection
	GlobalSection(ExtensibilityGlobals) = postSolution
		SolutionGuid = {7E16E8BF-A5E4-458B-8195-8FF626659435}
	EndGlobalSection
EndGlobal
